
Microsoft Visual Studio Solution File, Format Version 12.00
# Visual Studio Version 16
VisualStudioVersion = 16.0.29728.190
MinimumVisualStudioVersion = 10.0.40219.1
Project("{FAE04EC0-301F-11D3-BF4B-00C04F79EFBC}") = "1", "1\1.csproj", "{0B7AC8AA-ECFD-4A0B-BB0B-45ED17C62F5D}"
EndProject
Global
	GlobalSection(SolutionConfigurationPlatforms) = preSolution
		Debug|Any CPU = Debug|Any CPU
		Release|Any CPU = Release|Any CPU
	EndGlobalSection
	GlobalSection(ProjectConfigurationPlatforms) = postSolution
		{0B7AC8AA-ECFD-4A0B-BB0B-45ED17C62F5D}.Debug|Any CPU.ActiveCfg = Debug|Any CPU
		{0B7AC8AA-ECFD-4A0B-BB0B-45ED17C62F5D}.Debug|Any CPU.Build.0 = Debug|Any CPU
		{0B7AC8AA-ECFD-4A0B-BB0B-45ED17C62F5D}.Release|Any CPU.ActiveCfg = Release|Any CPU
		{0B7AC8AA-ECFD-4A0B-BB0B-45ED17C62F5D}.Release|Any CPU.Build.0 = Release|Any CPU
	EndGlobalSection
	GlobalSection(SolutionProperties) = preSolution
		HideSolutionNode = FALSE
	EndGlobalSection
	GlobalSection(ExtensibilityGlobals) = postSolution
		SolutionGuid = {C0C92499-F03F-418B-9DE0-D7CD57810C20}
	EndGlobalSection
EndGlobal
