
Microsoft Visual Studio Solution File, Format Version 12.00
# Visual Studio Version 16
VisualStudioVersion = 16.0.29728.190
MinimumVisualStudioVersion = 10.0.40219.1
Project("{FAE04EC0-301F-11D3-BF4B-00C04F79EFBC}") = "4", "4\4.csproj", "{7FE26FB5-4EB1-476B-9F31-F9DF1F56A389}"
EndProject
Global
	GlobalSection(SolutionConfigurationPlatforms) = preSolution
		Debug|Any CPU = Debug|Any CPU
		Release|Any CPU = Release|Any CPU
	EndGlobalSection
	GlobalSection(ProjectConfigurationPlatforms) = postSolution
		{7FE26FB5-4EB1-476B-9F31-F9DF1F56A389}.Debug|Any CPU.ActiveCfg = Debug|Any CPU
		{7FE26FB5-4EB1-476B-9F31-F9DF1F56A389}.Debug|Any CPU.Build.0 = Debug|Any CPU
		{7FE26FB5-4EB1-476B-9F31-F9DF1F56A389}.Release|Any CPU.ActiveCfg = Release|Any CPU
		{7FE26FB5-4EB1-476B-9F31-F9DF1F56A389}.Release|Any CPU.Build.0 = Release|Any CPU
	EndGlobalSection
	GlobalSection(SolutionProperties) = preSolution
		HideSolutionNode = FALSE
	EndGlobalSection
	GlobalSection(ExtensibilityGlobals) = postSolution
		SolutionGuid = {6610B816-D7EB-44DD-B29B-4A5273077313}
	EndGlobalSection
EndGlobal
